
Microsoft Visual Studio Solution File, Format Version 12.00
Project("{FAE04EC0-301F-11D3-BF4B-00C04F79EFBC}") = "CoreEngine", "CoreEngine\CoreEngine.csproj", "{A2429A32-9299-4F8D-9356-B77E3EA050CE}"
EndProject
Project("{FAE04EC0-301F-11D3-BF4B-00C04F79EFBC}") = "OrderMatching", "OrderMatching\OrderMatching.csproj", "{79051E40-B545-4C1A-81EE-914285A73B7C}"
EndProject
Project("{FAE04EC0-301F-11D3-BF4B-00C04F79EFBC}") = "OrderMatching.Tests", "OrderMatching.Tests\OrderMatching.Tests.csproj", "{56F03E44-4717-4EEF-AAEC-A93D69852A64}"
EndProject
Global
	GlobalSection(SolutionConfigurationPlatforms) = preSolution
		Debug|Any CPU = Debug|Any CPU
		Release|Any CPU = Release|Any CPU
	EndGlobalSection
	GlobalSection(ProjectConfigurationPlatforms) = postSolution
		{A2429A32-9299-4F8D-9356-B77E3EA050CE}.Debug|Any CPU.ActiveCfg = Debug|Any CPU
		{A2429A32-9299-4F8D-9356-B77E3EA050CE}.Debug|Any CPU.Build.0 = Debug|Any CPU
		{A2429A32-9299-4F8D-9356-B77E3EA050CE}.Release|Any CPU.ActiveCfg = Release|Any CPU
		{A2429A32-9299-4F8D-9356-B77E3EA050CE}.Release|Any CPU.Build.0 = Release|Any CPU
		{79051E40-B545-4C1A-81EE-914285A73B7C}.Debug|Any CPU.ActiveCfg = Debug|Any CPU
		{79051E40-B545-4C1A-81EE-914285A73B7C}.Debug|Any CPU.Build.0 = Debug|Any CPU
		{79051E40-B545-4C1A-81EE-914285A73B7C}.Release|Any CPU.ActiveCfg = Release|Any CPU
		{79051E40-B545-4C1A-81EE-914285A73B7C}.Release|Any CPU.Build.0 = Release|Any CPU
		{56F03E44-4717-4EEF-AAEC-A93D69852A64}.Debug|Any CPU.ActiveCfg = Debug|Any CPU
		{56F03E44-4717-4EEF-AAEC-A93D69852A64}.Debug|Any CPU.Build.0 = Debug|Any CPU
		{56F03E44-4717-4EEF-AAEC-A93D69852A64}.Release|Any CPU.ActiveCfg = Release|Any CPU
		{56F03E44-4717-4EEF-AAEC-A93D69852A64}.Release|Any CPU.Build.0 = Release|Any CPU
	EndGlobalSection
EndGlobal
