
Microsoft Visual Studio Solution File, Format Version 12.00
Project("{FAE04EC0-301F-11D3-BF4B-00C04F79EFBC}") = "CoreEngine", "CoreEngine\CoreEngine.csproj", "{A2429A32-9299-4F8D-9356-B77E3EA050CE}"
EndProject
Project("{FAE04EC0-301F-11D3-BF4B-00C04F79EFBC}") = "OrderMatching", "OrderMatching\OrderMatching.csproj", "{79051E40-B545-4C1A-81EE-914285A73B7C}"
EndProject
Project("{FAE04EC0-301F-11D3-BF4B-00C04F79EFBC}") = "OrderMatching.Tests", "OrderMatching.Tests\OrderMatching.Tests.csproj", "{56F03E44-4717-4EEF-AAEC-A93D69852A64}"
EndProject
Project("{FAE04EC0-301F-11D3-BF4B-00C04F79EFBC}") = "OrderBookAPI", "OrderBookAPI\OrderBookAPI.csproj", "{5D59E6DC-1A71-4DFD-8431-784299104D6F}"
EndProject
Project("{FAE04EC0-301F-11D3-BF4B-00C04F79EFBC}") = "OrderBookAPI.Tests", "OrderBookAPI.Tests\OrderBookAPI.Tests.csproj", "{FB6E56B3-94D1-43FD-B406-0EEB87399CA1}"
EndProject
Global
	GlobalSection(SolutionConfigurationPlatforms) = preSolution
		Debug|Any CPU = Debug|Any CPU
		Release|Any CPU = Release|Any CPU
	EndGlobalSection
	GlobalSection(ProjectConfigurationPlatforms) = postSolution
		{A2429A32-9299-4F8D-9356-B77E3EA050CE}.Debug|Any CPU.ActiveCfg = Debug|Any CPU
		{A2429A32-9299-4F8D-9356-B77E3EA050CE}.Debug|Any CPU.Build.0 = Debug|Any CPU
		{A2429A32-9299-4F8D-9356-B77E3EA050CE}.Release|Any CPU.ActiveCfg = Release|Any CPU
		{A2429A32-9299-4F8D-9356-B77E3EA050CE}.Release|Any CPU.Build.0 = Release|Any CPU
		{79051E40-B545-4C1A-81EE-914285A73B7C}.Debug|Any CPU.ActiveCfg = Debug|Any CPU
		{79051E40-B545-4C1A-81EE-914285A73B7C}.Debug|Any CPU.Build.0 = Debug|Any CPU
		{79051E40-B545-4C1A-81EE-914285A73B7C}.Release|Any CPU.ActiveCfg = Release|Any CPU
		{79051E40-B545-4C1A-81EE-914285A73B7C}.Release|Any CPU.Build.0 = Release|Any CPU
		{56F03E44-4717-4EEF-AAEC-A93D69852A64}.Debug|Any CPU.ActiveCfg = Debug|Any CPU
		{56F03E44-4717-4EEF-AAEC-A93D69852A64}.Debug|Any CPU.Build.0 = Debug|Any CPU
		{56F03E44-4717-4EEF-AAEC-A93D69852A64}.Release|Any CPU.ActiveCfg = Release|Any CPU
		{56F03E44-4717-4EEF-AAEC-A93D69852A64}.Release|Any CPU.Build.0 = Release|Any CPU
		{5D59E6DC-1A71-4DFD-8431-784299104D6F}.Debug|Any CPU.ActiveCfg = Debug|Any CPU
		{5D59E6DC-1A71-4DFD-8431-784299104D6F}.Debug|Any CPU.Build.0 = Debug|Any CPU
		{5D59E6DC-1A71-4DFD-8431-784299104D6F}.Release|Any CPU.ActiveCfg = Release|Any CPU
		{5D59E6DC-1A71-4DFD-8431-784299104D6F}.Release|Any CPU.Build.0 = Release|Any CPU
		{FB6E56B3-94D1-43FD-B406-0EEB87399CA1}.Debug|Any CPU.ActiveCfg = Debug|Any CPU
		{FB6E56B3-94D1-43FD-B406-0EEB87399CA1}.Debug|Any CPU.Build.0 = Debug|Any CPU
		{FB6E56B3-94D1-43FD-B406-0EEB87399CA1}.Release|Any CPU.ActiveCfg = Release|Any CPU
		{FB6E56B3-94D1-43FD-B406-0EEB87399CA1}.Release|Any CPU.Build.0 = Release|Any CPU
	EndGlobalSection
EndGlobal
